// !$*UTF8*$!
{
	archiveVersion = 1;
	classes = {
	};
	objectVersion = 56;
	objects = {

/* Begin PBXBuildFile section */
		AC6924A5298433D000928DCC /* NetworkService.swift in Sources */ = {isa = PBXBuildFile; fileRef = AC6924A4298433D000928DCC /* NetworkService.swift */; };
		AC6924A82986B31800928DCC /* DetailView.swift in Sources */ = {isa = PBXBuildFile; fileRef = AC6924A72986B31800928DCC /* DetailView.swift */; };
		AC6924AA2986B32900928DCC /* DetailPresenter.swift in Sources */ = {isa = PBXBuildFile; fileRef = AC6924A92986B32900928DCC /* DetailPresenter.swift */; };
		AC6924AC2986B34900928DCC /* DetailModel.swift in Sources */ = {isa = PBXBuildFile; fileRef = AC6924AB2986B34900928DCC /* DetailModel.swift */; };
		AC6924AE2986C49F00928DCC /* CoordinatorProtocol.swift in Sources */ = {isa = PBXBuildFile; fileRef = AC6924AD2986C49F00928DCC /* CoordinatorProtocol.swift */; };
		AC6924B02986C53A00928DCC /* RootCoordinatorProtocol.swift in Sources */ = {isa = PBXBuildFile; fileRef = AC6924AF2986C53A00928DCC /* RootCoordinatorProtocol.swift */; };
		AC6924B32986C5CF00928DCC /* Builder.swift in Sources */ = {isa = PBXBuildFile; fileRef = AC6924B22986C5CF00928DCC /* Builder.swift */; };
		AC699BFD29816F2200B4D8B9 /* AppDelegate.swift in Sources */ = {isa = PBXBuildFile; fileRef = AC699BFC29816F2200B4D8B9 /* AppDelegate.swift */; };
		AC699BFF29816F2200B4D8B9 /* SceneDelegate.swift in Sources */ = {isa = PBXBuildFile; fileRef = AC699BFE29816F2200B4D8B9 /* SceneDelegate.swift */; };
		AC699C0629816F2400B4D8B9 /* Assets.xcassets in Resources */ = {isa = PBXBuildFile; fileRef = AC699C0529816F2400B4D8B9 /* Assets.xcassets */; };
		AC699C0929816F2400B4D8B9 /* LaunchScreen.storyboard in Resources */ = {isa = PBXBuildFile; fileRef = AC699C0729816F2400B4D8B9 /* LaunchScreen.storyboard */; };
		AC699C152981708000B4D8B9 /* MainView.swift in Sources */ = {isa = PBXBuildFile; fileRef = AC699C142981708000B4D8B9 /* MainView.swift */; };
		AC699C172981778A00B4D8B9 /* MainPresenter.swift in Sources */ = {isa = PBXBuildFile; fileRef = AC699C162981778A00B4D8B9 /* MainPresenter.swift */; };
		AC699C19298177BD00B4D8B9 /* Coordinator.swift in Sources */ = {isa = PBXBuildFile; fileRef = AC699C18298177BD00B4D8B9 /* Coordinator.swift */; };
		AC699C1B2982CCF000B4D8B9 /* MainModel.swift in Sources */ = {isa = PBXBuildFile; fileRef = AC699C1A2982CCF000B4D8B9 /* MainModel.swift */; };
		ACC0FF6D29880F4F00E22A0C /* WeatherCollectionView.swift in Sources */ = {isa = PBXBuildFile; fileRef = ACC0FF6C29880F4E00E22A0C /* WeatherCollectionView.swift */; };
		ACC0FF702988112500E22A0C /* WeatherCollectionViewCell.swift in Sources */ = {isa = PBXBuildFile; fileRef = ACC0FF6F2988112500E22A0C /* WeatherCollectionViewCell.swift */; };
/* End PBXBuildFile section */

/* Begin PBXFileReference section */
		AC6924A4298433D000928DCC /* NetworkService.swift */ = {isa = PBXFileReference; lastKnownFileType = sourcecode.swift; path = NetworkService.swift; sourceTree = "<group>"; };
		AC6924A72986B31800928DCC /* DetailView.swift */ = {isa = PBXFileReference; lastKnownFileType = sourcecode.swift; path = DetailView.swift; sourceTree = "<group>"; };
		AC6924A92986B32900928DCC /* DetailPresenter.swift */ = {isa = PBXFileReference; lastKnownFileType = sourcecode.swift; path = DetailPresenter.swift; sourceTree = "<group>"; };
		AC6924AB2986B34900928DCC /* DetailModel.swift */ = {isa = PBXFileReference; lastKnownFileType = sourcecode.swift; path = DetailModel.swift; sourceTree = "<group>"; };
		AC6924AD2986C49F00928DCC /* CoordinatorProtocol.swift */ = {isa = PBXFileReference; lastKnownFileType = sourcecode.swift; path = CoordinatorProtocol.swift; sourceTree = "<group>"; };
		AC6924AF2986C53A00928DCC /* RootCoordinatorProtocol.swift */ = {isa = PBXFileReference; lastKnownFileType = sourcecode.swift; path = RootCoordinatorProtocol.swift; sourceTree = "<group>"; };
		AC6924B22986C5CF00928DCC /* Builder.swift */ = {isa = PBXFileReference; lastKnownFileType = sourcecode.swift; path = Builder.swift; sourceTree = "<group>"; };
		AC699BF929816F2200B4D8B9 /* mvp+c.app */ = {isa = PBXFileReference; explicitFileType = wrapper.application; includeInIndex = 0; path = "mvp+c.app"; sourceTree = BUILT_PRODUCTS_DIR; };
		AC699BFC29816F2200B4D8B9 /* AppDelegate.swift */ = {isa = PBXFileReference; lastKnownFileType = sourcecode.swift; path = AppDelegate.swift; sourceTree = "<group>"; };
		AC699BFE29816F2200B4D8B9 /* SceneDelegate.swift */ = {isa = PBXFileReference; lastKnownFileType = sourcecode.swift; path = SceneDelegate.swift; sourceTree = "<group>"; };
		AC699C0529816F2400B4D8B9 /* Assets.xcassets */ = {isa = PBXFileReference; lastKnownFileType = folder.assetcatalog; path = Assets.xcassets; sourceTree = "<group>"; };
		AC699C0829816F2400B4D8B9 /* Base */ = {isa = PBXFileReference; lastKnownFileType = file.storyboard; name = Base; path = Base.lproj/LaunchScreen.storyboard; sourceTree = "<group>"; };
		AC699C0A29816F2400B4D8B9 /* Info.plist */ = {isa = PBXFileReference; lastKnownFileType = text.plist.xml; path = Info.plist; sourceTree = "<group>"; };
		AC699C142981708000B4D8B9 /* MainView.swift */ = {isa = PBXFileReference; lastKnownFileType = sourcecode.swift; path = MainView.swift; sourceTree = "<group>"; };
		AC699C162981778A00B4D8B9 /* MainPresenter.swift */ = {isa = PBXFileReference; lastKnownFileType = sourcecode.swift; path = MainPresenter.swift; sourceTree = "<group>"; };
		AC699C18298177BD00B4D8B9 /* Coordinator.swift */ = {isa = PBXFileReference; lastKnownFileType = sourcecode.swift; path = Coordinator.swift; sourceTree = "<group>"; };
		AC699C1A2982CCF000B4D8B9 /* MainModel.swift */ = {isa = PBXFileReference; lastKnownFileType = sourcecode.swift; path = MainModel.swift; sourceTree = "<group>"; };
		ACC0FF6C29880F4E00E22A0C /* WeatherCollectionView.swift */ = {isa = PBXFileReference; lastKnownFileType = sourcecode.swift; path = WeatherCollectionView.swift; sourceTree = "<group>"; };
		ACC0FF6F2988112500E22A0C /* WeatherCollectionViewCell.swift */ = {isa = PBXFileReference; lastKnownFileType = sourcecode.swift; path = WeatherCollectionViewCell.swift; sourceTree = "<group>"; };
/* End PBXFileReference section */

/* Begin PBXFrameworksBuildPhase section */
		AC699BF629816F2200B4D8B9 /* Frameworks */ = {
			isa = PBXFrameworksBuildPhase;
			buildActionMask = 2147483647;
			files = (
			);
			runOnlyForDeploymentPostprocessing = 0;
		};
/* End PBXFrameworksBuildPhase section */

/* Begin PBXGroup section */
		AC6924A62986B2DC00928DCC /* DetailScreen */ = {
			isa = PBXGroup;
			children = (
				ACC0FF6E298810F100E22A0C /* WeatherCollection */,
				AC6924A72986B31800928DCC /* DetailView.swift */,
				AC6924A92986B32900928DCC /* DetailPresenter.swift */,
				AC6924AB2986B34900928DCC /* DetailModel.swift */,
			);
			path = DetailScreen;
			sourceTree = "<group>";
		};
		AC6924B12986C5BF00928DCC /* Builder */ = {
			isa = PBXGroup;
			children = (
				AC6924B22986C5CF00928DCC /* Builder.swift */,
			);
			path = Builder;
			sourceTree = "<group>";
		};
		AC699BF029816F2200B4D8B9 = {
			isa = PBXGroup;
			children = (
				AC699BFB29816F2200B4D8B9 /* mvp+c */,
				AC699BFA29816F2200B4D8B9 /* Products */,
			);
			sourceTree = "<group>";
		};
		AC699BFA29816F2200B4D8B9 /* Products */ = {
			isa = PBXGroup;
			children = (
				AC699BF929816F2200B4D8B9 /* mvp+c.app */,
			);
			name = Products;
			sourceTree = "<group>";
		};
		AC699BFB29816F2200B4D8B9 /* mvp+c */ = {
			isa = PBXGroup;
			children = (
				AC6924A4298433D000928DCC /* NetworkService.swift */,
				AC699C122981704A00B4D8B9 /* Coordinator */,
				AC6924B12986C5BF00928DCC /* Builder */,
				AC699C132981706600B4D8B9 /* MainScreen */,
				AC6924A62986B2DC00928DCC /* DetailScreen */,
				AC699C1029816FAA00B4D8B9 /* App */,
				AC699C1129816FE900B4D8B9 /* Resources */,
			);
			path = "mvp+c";
			sourceTree = "<group>";
		};
		AC699C1029816FAA00B4D8B9 /* App */ = {
			isa = PBXGroup;
			children = (
				AC699BFC29816F2200B4D8B9 /* AppDelegate.swift */,
				AC699BFE29816F2200B4D8B9 /* SceneDelegate.swift */,
			);
			path = App;
			sourceTree = "<group>";
		};
		AC699C1129816FE900B4D8B9 /* Resources */ = {
			isa = PBXGroup;
			children = (
				AC699C0A29816F2400B4D8B9 /* Info.plist */,
				AC699C0729816F2400B4D8B9 /* LaunchScreen.storyboard */,
				AC699C0529816F2400B4D8B9 /* Assets.xcassets */,
			);
			path = Resources;
			sourceTree = "<group>";
		};
		AC699C122981704A00B4D8B9 /* Coordinator */ = {
			isa = PBXGroup;
			children = (
				AC6924AD2986C49F00928DCC /* CoordinatorProtocol.swift */,
				AC699C18298177BD00B4D8B9 /* Coordinator.swift */,
				AC6924AF2986C53A00928DCC /* RootCoordinatorProtocol.swift */,
			);
			path = Coordinator;
			sourceTree = "<group>";
		};
		AC699C132981706600B4D8B9 /* MainScreen */ = {
			isa = PBXGroup;
			children = (
				AC699C142981708000B4D8B9 /* MainView.swift */,
				AC699C162981778A00B4D8B9 /* MainPresenter.swift */,
				AC699C1A2982CCF000B4D8B9 /* MainModel.swift */,
			);
			path = MainScreen;
			sourceTree = "<group>";
		};
		ACC0FF6E298810F100E22A0C /* WeatherCollection */ = {
			isa = PBXGroup;
			children = (
				ACC0FF6C29880F4E00E22A0C /* WeatherCollectionView.swift */,
				ACC0FF6F2988112500E22A0C /* WeatherCollectionViewCell.swift */,
			);
			path = WeatherCollection;
			sourceTree = "<group>";
		};
/* End PBXGroup section */

/* Begin PBXNativeTarget section */
		AC699BF829816F2200B4D8B9 /* mvp+c */ = {
			isa = PBXNativeTarget;
			buildConfigurationList = AC699C0D29816F2400B4D8B9 /* Build configuration list for PBXNativeTarget "mvp+c" */;
			buildPhases = (
				AC699BF529816F2200B4D8B9 /* Sources */,
				AC699BF629816F2200B4D8B9 /* Frameworks */,
				AC699BF729816F2200B4D8B9 /* Resources */,
			);
			buildRules = (
			);
			dependencies = (
			);
			name = "mvp+c";
			productName = "mvp+c";
			productReference = AC699BF929816F2200B4D8B9 /* mvp+c.app */;
			productType = "com.apple.product-type.application";
		};
/* End PBXNativeTarget section */

/* Begin PBXProject section */
		AC699BF129816F2200B4D8B9 /* Project object */ = {
			isa = PBXProject;
			attributes = {
				BuildIndependentTargetsInParallel = 1;
				LastSwiftUpdateCheck = 1400;
				LastUpgradeCheck = 1400;
				TargetAttributes = {
					AC699BF829816F2200B4D8B9 = {
						CreatedOnToolsVersion = 14.0.1;
					};
				};
			};
			buildConfigurationList = AC699BF429816F2200B4D8B9 /* Build configuration list for PBXProject "mvp+c" */;
			compatibilityVersion = "Xcode 14.0";
			developmentRegion = en;
			hasScannedForEncodings = 0;
			knownRegions = (
				en,
				Base,
			);
			mainGroup = AC699BF029816F2200B4D8B9;
			productRefGroup = AC699BFA29816F2200B4D8B9 /* Products */;
			projectDirPath = "";
			projectRoot = "";
			targets = (
				AC699BF829816F2200B4D8B9 /* mvp+c */,
			);
		};
/* End PBXProject section */

/* Begin PBXResourcesBuildPhase section */
		AC699BF729816F2200B4D8B9 /* Resources */ = {
			isa = PBXResourcesBuildPhase;
			buildActionMask = 2147483647;
			files = (
				AC699C0929816F2400B4D8B9 /* LaunchScreen.storyboard in Resources */,
				AC699C0629816F2400B4D8B9 /* Assets.xcassets in Resources */,
			);
			runOnlyForDeploymentPostprocessing = 0;
		};
/* End PBXResourcesBuildPhase section */

/* Begin PBXSourcesBuildPhase section */
		AC699BF529816F2200B4D8B9 /* Sources */ = {
			isa = PBXSourcesBuildPhase;
			buildActionMask = 2147483647;
			files = (
				ACC0FF702988112500E22A0C /* WeatherCollectionViewCell.swift in Sources */,
				AC699BFD29816F2200B4D8B9 /* AppDelegate.swift in Sources */,
				AC6924A82986B31800928DCC /* DetailView.swift in Sources */,
				AC6924AA2986B32900928DCC /* DetailPresenter.swift in Sources */,
				AC699C152981708000B4D8B9 /* MainView.swift in Sources */,
				AC699C1B2982CCF000B4D8B9 /* MainModel.swift in Sources */,
				ACC0FF6D29880F4F00E22A0C /* WeatherCollectionView.swift in Sources */,
				AC699C19298177BD00B4D8B9 /* Coordinator.swift in Sources */,
				AC6924B02986C53A00928DCC /* RootCoordinatorProtocol.swift in Sources */,
				AC6924B32986C5CF00928DCC /* Builder.swift in Sources */,
				AC6924AE2986C49F00928DCC /* CoordinatorProtocol.swift in Sources */,
				AC6924AC2986B34900928DCC /* DetailModel.swift in Sources */,
				AC699BFF29816F2200B4D8B9 /* SceneDelegate.swift in Sources */,
				AC699C172981778A00B4D8B9 /* MainPresenter.swift in Sources */,
				AC6924A5298433D000928DCC /* NetworkService.swift in Sources */,
			);
			runOnlyForDeploymentPostprocessing = 0;
		};
/* End PBXSourcesBuildPhase section */

/* Begin PBXVariantGroup section */
		AC699C0729816F2400B4D8B9 /* LaunchScreen.storyboard */ = {
			isa = PBXVariantGroup;
			children = (
				AC699C0829816F2400B4D8B9 /* Base */,
			);
			name = LaunchScreen.storyboard;
			sourceTree = "<group>";
		};
/* End PBXVariantGroup section */

/* Begin XCBuildConfiguration section */
		AC699C0B29816F2400B4D8B9 /* Debug */ = {
			isa = XCBuildConfiguration;
			buildSettings = {
				ALWAYS_SEARCH_USER_PATHS = NO;
				CLANG_ANALYZER_NONNULL = YES;
				CLANG_ANALYZER_NUMBER_OBJECT_CONVERSION = YES_AGGRESSIVE;
				CLANG_CXX_LANGUAGE_STANDARD = "gnu++20";
				CLANG_ENABLE_MODULES = YES;
				CLANG_ENABLE_OBJC_ARC = YES;
				CLANG_ENABLE_OBJC_WEAK = YES;
				CLANG_WARN_BLOCK_CAPTURE_AUTORELEASING = YES;
				CLANG_WARN_BOOL_CONVERSION = YES;
				CLANG_WARN_COMMA = YES;
				CLANG_WARN_CONSTANT_CONVERSION = YES;
				CLANG_WARN_DEPRECATED_OBJC_IMPLEMENTATIONS = YES;
				CLANG_WARN_DIRECT_OBJC_ISA_USAGE = YES_ERROR;
				CLANG_WARN_DOCUMENTATION_COMMENTS = YES;
				CLANG_WARN_EMPTY_BODY = YES;
				CLANG_WARN_ENUM_CONVERSION = YES;
				CLANG_WARN_INFINITE_RECURSION = YES;
				CLANG_WARN_INT_CONVERSION = YES;
				CLANG_WARN_NON_LITERAL_NULL_CONVERSION = YES;
				CLANG_WARN_OBJC_IMPLICIT_RETAIN_SELF = YES;
				CLANG_WARN_OBJC_LITERAL_CONVERSION = YES;
				CLANG_WARN_OBJC_ROOT_CLASS = YES_ERROR;
				CLANG_WARN_QUOTED_INCLUDE_IN_FRAMEWORK_HEADER = YES;
				CLANG_WARN_RANGE_LOOP_ANALYSIS = YES;
				CLANG_WARN_STRICT_PROTOTYPES = YES;
				CLANG_WARN_SUSPICIOUS_MOVE = YES;
				CLANG_WARN_UNGUARDED_AVAILABILITY = YES_AGGRESSIVE;
				CLANG_WARN_UNREACHABLE_CODE = YES;
				CLANG_WARN__DUPLICATE_METHOD_MATCH = YES;
				COPY_PHASE_STRIP = NO;
				DEBUG_INFORMATION_FORMAT = dwarf;
				ENABLE_STRICT_OBJC_MSGSEND = YES;
				ENABLE_TESTABILITY = YES;
				GCC_C_LANGUAGE_STANDARD = gnu11;
				GCC_DYNAMIC_NO_PIC = NO;
				GCC_NO_COMMON_BLOCKS = YES;
				GCC_OPTIMIZATION_LEVEL = 0;
				GCC_PREPROCESSOR_DEFINITIONS = (
					"DEBUG=1",
					"$(inherited)",
				);
				GCC_WARN_64_TO_32_BIT_CONVERSION = YES;
				GCC_WARN_ABOUT_RETURN_TYPE = YES_ERROR;
				GCC_WARN_UNDECLARED_SELECTOR = YES;
				GCC_WARN_UNINITIALIZED_AUTOS = YES_AGGRESSIVE;
				GCC_WARN_UNUSED_FUNCTION = YES;
				GCC_WARN_UNUSED_VARIABLE = YES;
				IPHONEOS_DEPLOYMENT_TARGET = 16.0;
				MTL_ENABLE_DEBUG_INFO = INCLUDE_SOURCE;
				MTL_FAST_MATH = YES;
				ONLY_ACTIVE_ARCH = YES;
				SDKROOT = iphoneos;
				SWIFT_ACTIVE_COMPILATION_CONDITIONS = DEBUG;
				SWIFT_OPTIMIZATION_LEVEL = "-Onone";
			};
			name = Debug;
		};
		AC699C0C29816F2400B4D8B9 /* Release */ = {
			isa = XCBuildConfiguration;
			buildSettings = {
				ALWAYS_SEARCH_USER_PATHS = NO;
				CLANG_ANALYZER_NONNULL = YES;
				CLANG_ANALYZER_NUMBER_OBJECT_CONVERSION = YES_AGGRESSIVE;
				CLANG_CXX_LANGUAGE_STANDARD = "gnu++20";
				CLANG_ENABLE_MODULES = YES;
				CLANG_ENABLE_OBJC_ARC = YES;
				CLANG_ENABLE_OBJC_WEAK = YES;
				CLANG_WARN_BLOCK_CAPTURE_AUTORELEASING = YES;
				CLANG_WARN_BOOL_CONVERSION = YES;
				CLANG_WARN_COMMA = YES;
				CLANG_WARN_CONSTANT_CONVERSION = YES;
				CLANG_WARN_DEPRECATED_OBJC_IMPLEMENTATIONS = YES;
				CLANG_WARN_DIRECT_OBJC_ISA_USAGE = YES_ERROR;
				CLANG_WARN_DOCUMENTATION_COMMENTS = YES;
				CLANG_WARN_EMPTY_BODY = YES;
				CLANG_WARN_ENUM_CONVERSION = YES;
				CLANG_WARN_INFINITE_RECURSION = YES;
				CLANG_WARN_INT_CONVERSION = YES;
				CLANG_WARN_NON_LITERAL_NULL_CONVERSION = YES;
				CLANG_WARN_OBJC_IMPLICIT_RETAIN_SELF = YES;
				CLANG_WARN_OBJC_LITERAL_CONVERSION = YES;
				CLANG_WARN_OBJC_ROOT_CLASS = YES_ERROR;
				CLANG_WARN_QUOTED_INCLUDE_IN_FRAMEWORK_HEADER = YES;
				CLANG_WARN_RANGE_LOOP_ANALYSIS = YES;
				CLANG_WARN_STRICT_PROTOTYPES = YES;
				CLANG_WARN_SUSPICIOUS_MOVE = YES;
				CLANG_WARN_UNGUARDED_AVAILABILITY = YES_AGGRESSIVE;
				CLANG_WARN_UNREACHABLE_CODE = YES;
				CLANG_WARN__DUPLICATE_METHOD_MATCH = YES;
				COPY_PHASE_STRIP = NO;
				DEBUG_INFORMATION_FORMAT = "dwarf-with-dsym";
				ENABLE_NS_ASSERTIONS = NO;
				ENABLE_STRICT_OBJC_MSGSEND = YES;
				GCC_C_LANGUAGE_STANDARD = gnu11;
				GCC_NO_COMMON_BLOCKS = YES;
				GCC_WARN_64_TO_32_BIT_CONVERSION = YES;
				GCC_WARN_ABOUT_RETURN_TYPE = YES_ERROR;
				GCC_WARN_UNDECLARED_SELECTOR = YES;
				GCC_WARN_UNINITIALIZED_AUTOS = YES_AGGRESSIVE;
				GCC_WARN_UNUSED_FUNCTION = YES;
				GCC_WARN_UNUSED_VARIABLE = YES;
				IPHONEOS_DEPLOYMENT_TARGET = 16.0;
				MTL_ENABLE_DEBUG_INFO = NO;
				MTL_FAST_MATH = YES;
				SDKROOT = iphoneos;
				SWIFT_COMPILATION_MODE = wholemodule;
				SWIFT_OPTIMIZATION_LEVEL = "-O";
				VALIDATE_PRODUCT = YES;
			};
			name = Release;
		};
		AC699C0E29816F2400B4D8B9 /* Debug */ = {
			isa = XCBuildConfiguration;
			buildSettings = {
				ASSETCATALOG_COMPILER_APPICON_NAME = AppIcon;
				ASSETCATALOG_COMPILER_GLOBAL_ACCENT_COLOR_NAME = AccentColor;
				CODE_SIGN_STYLE = Automatic;
				CURRENT_PROJECT_VERSION = 1;
				DEVELOPMENT_TEAM = F2XZ6X34LP;
				GENERATE_INFOPLIST_FILE = YES;
				INFOPLIST_FILE = "mvp+c/Resources/Info.plist";
				INFOPLIST_KEY_UIApplicationSupportsIndirectInputEvents = YES;
				INFOPLIST_KEY_UILaunchStoryboardName = LaunchScreen;
				INFOPLIST_KEY_UIMainStoryboardFile = "";
				INFOPLIST_KEY_UISupportedInterfaceOrientations_iPad = "UIInterfaceOrientationPortrait UIInterfaceOrientationPortraitUpsideDown UIInterfaceOrientationLandscapeLeft UIInterfaceOrientationLandscapeRight";
				INFOPLIST_KEY_UISupportedInterfaceOrientations_iPhone = "UIInterfaceOrientationPortrait UIInterfaceOrientationLandscapeLeft UIInterfaceOrientationLandscapeRight";
				LD_RUNPATH_SEARCH_PATHS = (
					"$(inherited)",
					"@executable_path/Frameworks",
				);
				MARKETING_VERSION = 1.0;
				PRODUCT_BUNDLE_IDENTIFIER = "com.ArtemMakar.mvp-c";
				PRODUCT_NAME = "$(TARGET_NAME)";
				SWIFT_EMIT_LOC_STRINGS = YES;
				SWIFT_VERSION = 5.0;
				TARGETED_DEVICE_FAMILY = "1,2";
			};
			name = Debug;
		};
		AC699C0F29816F2400B4D8B9 /* Release */ = {
			isa = XCBuildConfiguration;
			buildSettings = {
				ASSETCATALOG_COMPILER_APPICON_NAME = AppIcon;
				ASSETCATALOG_COMPILER_GLOBAL_ACCENT_COLOR_NAME = AccentColor;
				CODE_SIGN_STYLE = Automatic;
				CURRENT_PROJECT_VERSION = 1;
				DEVELOPMENT_TEAM = F2XZ6X34LP;
				GENERATE_INFOPLIST_FILE = YES;
				INFOPLIST_FILE = "mvp+c/Resources/Info.plist";
				INFOPLIST_KEY_UIApplicationSupportsIndirectInputEvents = YES;
				INFOPLIST_KEY_UILaunchStoryboardName = LaunchScreen;
				INFOPLIST_KEY_UIMainStoryboardFile = "";
				INFOPLIST_KEY_UISupportedInterfaceOrientations_iPad = "UIInterfaceOrientationPortrait UIInterfaceOrientationPortraitUpsideDown UIInterfaceOrientationLandscapeLeft UIInterfaceOrientationLandscapeRight";
				INFOPLIST_KEY_UISupportedInterfaceOrientations_iPhone = "UIInterfaceOrientationPortrait UIInterfaceOrientationLandscapeLeft UIInterfaceOrientationLandscapeRight";
				LD_RUNPATH_SEARCH_PATHS = (
					"$(inherited)",
					"@executable_path/Frameworks",
				);
				MARKETING_VERSION = 1.0;
				PRODUCT_BUNDLE_IDENTIFIER = "com.ArtemMakar.mvp-c";
				PRODUCT_NAME = "$(TARGET_NAME)";
				SWIFT_EMIT_LOC_STRINGS = YES;
				SWIFT_VERSION = 5.0;
				TARGETED_DEVICE_FAMILY = "1,2";
			};
			name = Release;
		};
/* End XCBuildConfiguration section */

/* Begin XCConfigurationList section */
		AC699BF429816F2200B4D8B9 /* Build configuration list for PBXProject "mvp+c" */ = {
			isa = XCConfigurationList;
			buildConfigurations = (
				AC699C0B29816F2400B4D8B9 /* Debug */,
				AC699C0C29816F2400B4D8B9 /* Release */,
			);
			defaultConfigurationIsVisible = 0;
			defaultConfigurationName = Release;
		};
		AC699C0D29816F2400B4D8B9 /* Build configuration list for PBXNativeTarget "mvp+c" */ = {
			isa = XCConfigurationList;
			buildConfigurations = (
				AC699C0E29816F2400B4D8B9 /* Debug */,
				AC699C0F29816F2400B4D8B9 /* Release */,
			);
			defaultConfigurationIsVisible = 0;
			defaultConfigurationName = Release;
		};
/* End XCConfigurationList section */
	};
	rootObject = AC699BF129816F2200B4D8B9 /* Project object */;
}
